
Microsoft Visual Studio Solution File, Format Version 12.00
# Visual Studio Version 17
VisualStudioVersion = 17.13.35818.85 d17.13
MinimumVisualStudioVersion = 10.0.40219.1
Project("{FAE04EC0-301F-11D3-BF4B-00C04F79EFBC}") = "Task7 Shapes", "Task7 Shapes\Task7 Shapes.csproj", "{FCD13FC5-7623-4B68-96B0-497C6CEA2D82}"
EndProject
Global
	GlobalSection(SolutionConfigurationPlatforms) = preSolution
		Debug|Any CPU = Debug|Any CPU
		Release|Any CPU = Release|Any CPU
	EndGlobalSection
	GlobalSection(ProjectConfigurationPlatforms) = postSolution
		{FCD13FC5-7623-4B68-96B0-497C6CEA2D82}.Debug|Any CPU.ActiveCfg = Debug|Any CPU
		{FCD13FC5-7623-4B68-96B0-497C6CEA2D82}.Debug|Any CPU.Build.0 = Debug|Any CPU
		{FCD13FC5-7623-4B68-96B0-497C6CEA2D82}.Release|Any CPU.ActiveCfg = Release|Any CPU
		{FCD13FC5-7623-4B68-96B0-497C6CEA2D82}.Release|Any CPU.Build.0 = Release|Any CPU
	EndGlobalSection
	GlobalSection(SolutionProperties) = preSolution
		HideSolutionNode = FALSE
	EndGlobalSection
	GlobalSection(ExtensibilityGlobals) = postSolution
		SolutionGuid = {087C1821-6AF9-4FB9-951B-107055B1A674}
	EndGlobalSection
EndGlobal
