
Microsoft Visual Studio Solution File, Format Version 12.00
# Visual Studio Version 17
VisualStudioVersion = 17.13.35818.85 d17.13
MinimumVisualStudioVersion = 10.0.40219.1
Project("{FAE04EC0-301F-11D3-BF4B-00C04F79EFBC}") = "Task10 Brushes", "Task10 Brushes\Task10 Brushes.csproj", "{7178C7F5-D57E-409A-8D61-439DAE28E273}"
EndProject
Global
	GlobalSection(SolutionConfigurationPlatforms) = preSolution
		Debug|Any CPU = Debug|Any CPU
		Release|Any CPU = Release|Any CPU
	EndGlobalSection
	GlobalSection(ProjectConfigurationPlatforms) = postSolution
		{7178C7F5-D57E-409A-8D61-439DAE28E273}.Debug|Any CPU.ActiveCfg = Debug|Any CPU
		{7178C7F5-D57E-409A-8D61-439DAE28E273}.Debug|Any CPU.Build.0 = Debug|Any CPU
		{7178C7F5-D57E-409A-8D61-439DAE28E273}.Release|Any CPU.ActiveCfg = Release|Any CPU
		{7178C7F5-D57E-409A-8D61-439DAE28E273}.Release|Any CPU.Build.0 = Release|Any CPU
	EndGlobalSection
	GlobalSection(SolutionProperties) = preSolution
		HideSolutionNode = FALSE
	EndGlobalSection
	GlobalSection(ExtensibilityGlobals) = postSolution
		SolutionGuid = {69F5AE43-0582-47A1-B7FE-0E4F1A257E95}
	EndGlobalSection
EndGlobal
